Microsoft Visual Studio Solution File, Format Version 12.00
# Visual Studio Version 17
VisualStudioVersion = 17.0.31903.59
MinimumVisualStudioVersion = 10.0.40219.1
Project("{8BC9CEB8-8B4A-11D0-8D11-00A0C91BC942}") = "Server", "Server\Server.vcxproj", "{A1B2C3D4-E5F6-7890-ABCD-EF1234567890}"
EndProject
Project("{8BC9CEB8-8B4A-11D0-8D11-00A0C91BC942}") = "Agent", "Agent\Agent.vcxproj", "{B2C3D4E5-F678-90AB-CDEF-123456789012}"
EndProject
Project("{8BC9CEB8-8B4A-11D0-8D11-00A0C91BC942}") = "Controller", "Controller\Controller.vcxproj", "{C3D4E5F6-7890-ABCD-EF12-345678901234}"
EndProject
Project("{8BC9CEB8-8B4A-11D0-8D11-00A0C91BC942}") = "Common", "Common\Common.vcxproj", "{D4E5F678-90AB-CDEF-1234-567890123456}"
EndProject
Project("{8BC9CEB8-8B4A-11D0-8D11-00A0C91BC942}") = "ModuleCommandExec", "Modules\CommandExec\ModuleCommandExec.vcxproj", "{E5F67890-ABCD-EF12-3456-789012345678}"
EndProject
Project("{8BC9CEB8-8B4A-11D0-8D11-00A0C91BC942}") = "ModuleScreenshot", "Modules\Screenshot\ModuleScreenshot.vcxproj", "{F6789012-3456-7890-ABCD-EF1234567890}"
EndProject
Project("{8BC9CEB8-8B4A-11D0-8D11-00A0C91BC942}") = "ModuleKeylogger", "Modules\Keylogger\ModuleKeylogger.vcxproj", "{01234567-89AB-CDEF-1234-567890ABCDEF}"
EndProject
Project("{8BC9CEB8-8B4A-11D0-8D11-00A0C91BC942}") = "ModulePersistence", "Modules\Persistence\ModulePersistence.vcxproj", "{12345678-9ABC-DEF1-2345-67890ABCDEF1}"
EndProject
Global
	GlobalSection(SolutionConfigurationPlatforms) = preSolution
		Debug|x64 = Debug|x64
		Release|x64 = Release|x64
	EndGlobalSection
	GlobalSection(ProjectConfigurationPlatforms) = postSolution
		{A1B2C3D4-E5F6-7890-ABCD-EF1234567890}.Debug|x64.ActiveCfg = Debug|x64
		{A1B2C3D4-E5F6-7890-ABCD-EF1234567890}.Debug|x64.Build.0 = Debug|x64
		{A1B2C3D4-E5F6-7890-ABCD-EF1234567890}.Release|x64.ActiveCfg = Release|x64
		{A1B2C3D4-E5F6-7890-ABCD-EF1234567890}.Release|x64.Build.0 = Release|x64
		{B2C3D4E5-F678-90AB-CDEF-123456789012}.Debug|x64.ActiveCfg = Debug|x64
		{B2C3D4E5-F678-90AB-CDEF-123456789012}.Debug|x64.Build.0 = Debug|x64
		{B2C3D4E5-F678-90AB-CDEF-123456789012}.Release|x64.ActiveCfg = Release|x64
		{B2C3D4E5-F678-90AB-CDEF-123456789012}.Release|x64.Build.0 = Release|x64
		{C3D4E5F6-7890-ABCD-EF12-345678901234}.Debug|x64.ActiveCfg = Debug|x64
		{C3D4E5F6-7890-ABCD-EF12-345678901234}.Debug|x64.Build.0 = Debug|x64
		{C3D4E5F6-7890-ABCD-EF12-345678901234}.Release|x64.ActiveCfg = Release|x64
		{C3D4E5F6-7890-ABCD-EF12-345678901234}.Release|x64.Build.0 = Release|x64
		{D4E5F678-90AB-CDEF-1234-567890123456}.Debug|x64.ActiveCfg = Debug|x64
		{D4E5F678-90AB-CDEF-1234-567890123456}.Debug|x64.Build.0 = Debug|x64
		{D4E5F678-90AB-CDEF-1234-567890123456}.Release|x64.ActiveCfg = Release|x64
		{D4E5F678-90AB-CDEF-1234-567890123456}.Release|x64.Build.0 = Release|x64
		{E5F67890-ABCD-EF12-3456-789012345678}.Debug|x64.ActiveCfg = Debug|x64
		{E5F67890-ABCD-EF12-3456-789012345678}.Debug|x64.Build.0 = Debug|x64
		{E5F67890-ABCD-EF12-3456-789012345678}.Release|x64.ActiveCfg = Release|x64
		{E5F67890-ABCD-EF12-3456-789012345678}.Release|x64.Build.0 = Release|x64
		{F6789012-3456-7890-ABCD-EF1234567890}.Debug|x64.ActiveCfg = Debug|x64
		{F6789012-3456-7890-ABCD-EF1234567890}.Debug|x64.Build.0 = Debug|x64
		{F6789012-3456-7890-ABCD-EF1234567890}.Release|x64.ActiveCfg = Release|x64
		{F6789012-3456-7890-ABCD-EF1234567890}.Release|x64.Build.0 = Release|x64
		{01234567-89AB-CDEF-1234-567890ABCDEF}.Debug|x64.ActiveCfg = Debug|x64
		{01234567-89AB-CDEF-1234-567890ABCDEF}.Debug|x64.Build.0 = Debug|x64
		{01234567-89AB-CDEF-1234-567890ABCDEF}.Release|x64.ActiveCfg = Release|x64
		{01234567-89AB-CDEF-1234-567890ABCDEF}.Release|x64.Build.0 = Release|x64
		{12345678-9ABC-DEF1-2345-67890ABCDEF1}.Debug|x64.ActiveCfg = Debug|x64
		{12345678-9ABC-DEF1-2345-67890ABCDEF1}.Debug|x64.Build.0 = Debug|x64
		{12345678-9ABC-DEF1-2345-67890ABCDEF1}.Release|x64.ActiveCfg = Release|x64
		{12345678-9ABC-DEF1-2345-67890ABCDEF1}.Release|x64.Build.0 = Release|x64
	EndGlobalSection
EndGlobal
